
Microsoft Visual Studio Solution File, Format Version 12.00
# Visual Studio Version 17
VisualStudioVersion = 17.11.35222.181
MinimumVisualStudioVersion = 10.0.40219.1
Project("{8BC9CEB8-8B4A-11D0-8D11-00A0C91BC942}") = "lab8.2", "lab8.2.vcxproj", "{FFE2B642-5369-42FC-9BA7-86FE0A52AF5E}"
EndProject
Project("{8BC9CEB8-8B4A-11D0-8D11-00A0C91BC942}") = "UnitTest1", "UnitTest1\UnitTest1.vcxproj", "{A5A76E74-E574-4254-8B60-FE18BD738CC5}"
EndProject
Global
	GlobalSection(SolutionConfigurationPlatforms) = preSolution
		Debug|x64 = Debug|x64
		Debug|x86 = Debug|x86
		Release|x64 = Release|x64
		Release|x86 = Release|x86
	EndGlobalSection
	GlobalSection(ProjectConfigurationPlatforms) = postSolution
		{FFE2B642-5369-42FC-9BA7-86FE0A52AF5E}.Debug|x64.ActiveCfg = Debug|x64
		{FFE2B642-5369-42FC-9BA7-86FE0A52AF5E}.Debug|x64.Build.0 = Debug|x64
		{FFE2B642-5369-42FC-9BA7-86FE0A52AF5E}.Debug|x86.ActiveCfg = Debug|Win32
		{FFE2B642-5369-42FC-9BA7-86FE0A52AF5E}.Debug|x86.Build.0 = Debug|Win32
		{FFE2B642-5369-42FC-9BA7-86FE0A52AF5E}.Release|x64.ActiveCfg = Release|x64
		{FFE2B642-5369-42FC-9BA7-86FE0A52AF5E}.Release|x64.Build.0 = Release|x64
		{FFE2B642-5369-42FC-9BA7-86FE0A52AF5E}.Release|x86.ActiveCfg = Release|Win32
		{FFE2B642-5369-42FC-9BA7-86FE0A52AF5E}.Release|x86.Build.0 = Release|Win32
		{A5A76E74-E574-4254-8B60-FE18BD738CC5}.Debug|x64.ActiveCfg = Debug|x64
		{A5A76E74-E574-4254-8B60-FE18BD738CC5}.Debug|x64.Build.0 = Debug|x64
		{A5A76E74-E574-4254-8B60-FE18BD738CC5}.Debug|x86.ActiveCfg = Debug|Win32
		{A5A76E74-E574-4254-8B60-FE18BD738CC5}.Debug|x86.Build.0 = Debug|Win32
		{A5A76E74-E574-4254-8B60-FE18BD738CC5}.Release|x64.ActiveCfg = Release|x64
		{A5A76E74-E574-4254-8B60-FE18BD738CC5}.Release|x64.Build.0 = Release|x64
		{A5A76E74-E574-4254-8B60-FE18BD738CC5}.Release|x86.ActiveCfg = Release|Win32
		{A5A76E74-E574-4254-8B60-FE18BD738CC5}.Release|x86.Build.0 = Release|Win32
	EndGlobalSection
	GlobalSection(SolutionProperties) = preSolution
		HideSolutionNode = FALSE
	EndGlobalSection
	GlobalSection(ExtensibilityGlobals) = postSolution
		SolutionGuid = {2D968EDF-2C4B-4186-B60D-3355723F76F8}
	EndGlobalSection
EndGlobal
